
Microsoft Visual Studio Solution File, Format Version 12.00
# Visual Studio 15
VisualStudioVersion = 15.0.28010.2041
MinimumVisualStudioVersion = 10.0.40219.1
Project("{9A19103F-16F7-4668-BE54-9A1E7A4F7556}") = "InfoManager.Web", "InfoManager.Web\InfoManager.Web.csproj", "{FC043EDD-7662-40C8-80BD-9EE3052CF80B}"
EndProject
Project("{FAE04EC0-301F-11D3-BF4B-00C04F79EFBC}") = "InfoManager.DataAccess", "InfoManager.DataAccess\InfoManager.DataAccess.csproj", "{9C3A0D58-99AE-4D1D-85BA-21C83799E1DA}"
EndProject
Global
	GlobalSection(SolutionConfigurationPlatforms) = preSolution
		Debug|Any CPU = Debug|Any CPU
		Release|Any CPU = Release|Any CPU
	EndGlobalSection
	GlobalSection(ProjectConfigurationPlatforms) = postSolution
		{FC043EDD-7662-40C8-80BD-9EE3052CF80B}.Debug|Any CPU.ActiveCfg = Debug|Any CPU
		{FC043EDD-7662-40C8-80BD-9EE3052CF80B}.Debug|Any CPU.Build.0 = Debug|Any CPU
		{FC043EDD-7662-40C8-80BD-9EE3052CF80B}.Release|Any CPU.ActiveCfg = Release|Any CPU
		{FC043EDD-7662-40C8-80BD-9EE3052CF80B}.Release|Any CPU.Build.0 = Release|Any CPU
		{9C3A0D58-99AE-4D1D-85BA-21C83799E1DA}.Debug|Any CPU.ActiveCfg = Debug|Any CPU
		{9C3A0D58-99AE-4D1D-85BA-21C83799E1DA}.Debug|Any CPU.Build.0 = Debug|Any CPU
		{9C3A0D58-99AE-4D1D-85BA-21C83799E1DA}.Release|Any CPU.ActiveCfg = Release|Any CPU
		{9C3A0D58-99AE-4D1D-85BA-21C83799E1DA}.Release|Any CPU.Build.0 = Release|Any CPU
	EndGlobalSection
	GlobalSection(SolutionProperties) = preSolution
		HideSolutionNode = FALSE
	EndGlobalSection
	GlobalSection(ExtensibilityGlobals) = postSolution
		SolutionGuid = {17D7053A-9396-488D-835C-63D62BCB72B2}
	EndGlobalSection
EndGlobal
